
Microsoft Visual Studio Solution File, Format Version 12.00
# Visual Studio Version 17
VisualStudioVersion = 17.1.32328.378
MinimumVisualStudioVersion = 10.0.40219.1
Project("{FAE04EC0-301F-11D3-BF4B-00C04F79EFBC}") = "Lectures5", "Lectures5\Lectures5.csproj", "{AECF7145-4E96-46B2-8694-E4EE95DEB039}"
EndProject
Global
	GlobalSection(SolutionConfigurationPlatforms) = preSolution
		Debug|Any CPU = Debug|Any CPU
		Release|Any CPU = Release|Any CPU
	EndGlobalSection
	GlobalSection(ProjectConfigurationPlatforms) = postSolution
		{AECF7145-4E96-46B2-8694-E4EE95DEB039}.Debug|Any CPU.ActiveCfg = Debug|Any CPU
		{AECF7145-4E96-46B2-8694-E4EE95DEB039}.Debug|Any CPU.Build.0 = Debug|Any CPU
		{AECF7145-4E96-46B2-8694-E4EE95DEB039}.Release|Any CPU.ActiveCfg = Release|Any CPU
		{AECF7145-4E96-46B2-8694-E4EE95DEB039}.Release|Any CPU.Build.0 = Release|Any CPU
	EndGlobalSection
	GlobalSection(SolutionProperties) = preSolution
		HideSolutionNode = FALSE
	EndGlobalSection
	GlobalSection(ExtensibilityGlobals) = postSolution
		SolutionGuid = {B639EB56-2C6E-4837-914C-CA38A5B5137E}
	EndGlobalSection
EndGlobal
